
Microsoft Visual Studio Solution File, Format Version 12.00
# Visual Studio Version 16
VisualStudioVersion = 16.0.31424.327
MinimumVisualStudioVersion = 10.0.40219.1
Project("{FAE04EC0-301F-11D3-BF4B-00C04F79EFBC}") = "LINQDemo", "LINQDemo\LINQDemo.csproj", "{4EF88366-9F91-4153-966F-51FDCEA3448E}"
EndProject
Global
	GlobalSection(SolutionConfigurationPlatforms) = preSolution
		Debug|Any CPU = Debug|Any CPU
		Release|Any CPU = Release|Any CPU
	EndGlobalSection
	GlobalSection(ProjectConfigurationPlatforms) = postSolution
		{4EF88366-9F91-4153-966F-51FDCEA3448E}.Debug|Any CPU.ActiveCfg = Debug|Any CPU
		{4EF88366-9F91-4153-966F-51FDCEA3448E}.Debug|Any CPU.Build.0 = Debug|Any CPU
		{4EF88366-9F91-4153-966F-51FDCEA3448E}.Release|Any CPU.ActiveCfg = Release|Any CPU
		{4EF88366-9F91-4153-966F-51FDCEA3448E}.Release|Any CPU.Build.0 = Release|Any CPU
	EndGlobalSection
	GlobalSection(SolutionProperties) = preSolution
		HideSolutionNode = FALSE
	EndGlobalSection
	GlobalSection(ExtensibilityGlobals) = postSolution
		SolutionGuid = {3E16D67D-92C0-49BE-BE94-90296586C314}
	EndGlobalSection
EndGlobal
