
Microsoft Visual Studio Solution File, Format Version 12.00
# Visual Studio Version 16
VisualStudioVersion = 16.0.31424.327
MinimumVisualStudioVersion = 10.0.40219.1
Project("{FAE04EC0-301F-11D3-BF4B-00C04F79EFBC}") = "Assignment3", "Assignment3\Assignment3.csproj", "{9BF19FC1-9083-4475-AAD7-DCE11D2B1493}"
EndProject
Global
	GlobalSection(SolutionConfigurationPlatforms) = preSolution
		Debug|Any CPU = Debug|Any CPU
		Release|Any CPU = Release|Any CPU
	EndGlobalSection
	GlobalSection(ProjectConfigurationPlatforms) = postSolution
		{9BF19FC1-9083-4475-AAD7-DCE11D2B1493}.Debug|Any CPU.ActiveCfg = Debug|Any CPU
		{9BF19FC1-9083-4475-AAD7-DCE11D2B1493}.Debug|Any CPU.Build.0 = Debug|Any CPU
		{9BF19FC1-9083-4475-AAD7-DCE11D2B1493}.Release|Any CPU.ActiveCfg = Release|Any CPU
		{9BF19FC1-9083-4475-AAD7-DCE11D2B1493}.Release|Any CPU.Build.0 = Release|Any CPU
	EndGlobalSection
	GlobalSection(SolutionProperties) = preSolution
		HideSolutionNode = FALSE
	EndGlobalSection
	GlobalSection(ExtensibilityGlobals) = postSolution
		SolutionGuid = {AEBC5FCD-6D98-45B3-A1BD-AF44CCA554D9}
	EndGlobalSection
EndGlobal
