
Microsoft Visual Studio Solution File, Format Version 12.00
# Visual Studio Version 16
VisualStudioVersion = 16.0.31424.327
MinimumVisualStudioVersion = 10.0.40219.1
Project("{FAE04EC0-301F-11D3-BF4B-00C04F79EFBC}") = "ConsoleApp1", "ConsoleApp1\ConsoleApp1.csproj", "{FA564A1C-88B9-4CAB-A525-7A33B11B8219}"
EndProject
Global
	GlobalSection(SolutionConfigurationPlatforms) = preSolution
		Debug|Any CPU = Debug|Any CPU
		Release|Any CPU = Release|Any CPU
	EndGlobalSection
	GlobalSection(ProjectConfigurationPlatforms) = postSolution
		{FA564A1C-88B9-4CAB-A525-7A33B11B8219}.Debug|Any CPU.ActiveCfg = Debug|Any CPU
		{FA564A1C-88B9-4CAB-A525-7A33B11B8219}.Debug|Any CPU.Build.0 = Debug|Any CPU
		{FA564A1C-88B9-4CAB-A525-7A33B11B8219}.Release|Any CPU.ActiveCfg = Release|Any CPU
		{FA564A1C-88B9-4CAB-A525-7A33B11B8219}.Release|Any CPU.Build.0 = Release|Any CPU
	EndGlobalSection
	GlobalSection(SolutionProperties) = preSolution
		HideSolutionNode = FALSE
	EndGlobalSection
	GlobalSection(ExtensibilityGlobals) = postSolution
		SolutionGuid = {86DBE864-1F33-437B-886C-54D3289D1F67}
	EndGlobalSection
EndGlobal
