
Microsoft Visual Studio Solution File, Format Version 12.00
# Visual Studio Version 16
VisualStudioVersion = 16.0.31424.327
MinimumVisualStudioVersion = 10.0.40219.1
Project("{FAE04EC0-301F-11D3-BF4B-00C04F79EFBC}") = "WebApplicationUsingFramework2", "WebApplicationUsingFramework2\WebApplicationUsingFramework2.csproj", "{36C386F8-0914-4790-AD3E-D70C14E54E2F}"
EndProject
Global
	GlobalSection(SolutionConfigurationPlatforms) = preSolution
		Debug|Any CPU = Debug|Any CPU
		Release|Any CPU = Release|Any CPU
	EndGlobalSection
	GlobalSection(ProjectConfigurationPlatforms) = postSolution
		{36C386F8-0914-4790-AD3E-D70C14E54E2F}.Debug|Any CPU.ActiveCfg = Debug|Any CPU
		{36C386F8-0914-4790-AD3E-D70C14E54E2F}.Debug|Any CPU.Build.0 = Debug|Any CPU
		{36C386F8-0914-4790-AD3E-D70C14E54E2F}.Release|Any CPU.ActiveCfg = Release|Any CPU
		{36C386F8-0914-4790-AD3E-D70C14E54E2F}.Release|Any CPU.Build.0 = Release|Any CPU
	EndGlobalSection
	GlobalSection(SolutionProperties) = preSolution
		HideSolutionNode = FALSE
	EndGlobalSection
	GlobalSection(ExtensibilityGlobals) = postSolution
		SolutionGuid = {9DA39D33-CA35-4463-ABEB-DC297D985240}
	EndGlobalSection
EndGlobal
