
Microsoft Visual Studio Solution File, Format Version 12.00
# Visual Studio Version 16
VisualStudioVersion = 16.0.31424.327
MinimumVisualStudioVersion = 10.0.40219.1
Project("{FAE04EC0-301F-11D3-BF4B-00C04F79EFBC}") = "UseMyMathWithWF", "UseMyMathWithWF\UseMyMathWithWF.csproj", "{D21D9981-5A0E-4E35-9253-95398FB77D98}"
EndProject
Global
	GlobalSection(SolutionConfigurationPlatforms) = preSolution
		Debug|Any CPU = Debug|Any CPU
		Release|Any CPU = Release|Any CPU
	EndGlobalSection
	GlobalSection(ProjectConfigurationPlatforms) = postSolution
		{D21D9981-5A0E-4E35-9253-95398FB77D98}.Debug|Any CPU.ActiveCfg = Debug|Any CPU
		{D21D9981-5A0E-4E35-9253-95398FB77D98}.Debug|Any CPU.Build.0 = Debug|Any CPU
		{D21D9981-5A0E-4E35-9253-95398FB77D98}.Release|Any CPU.ActiveCfg = Release|Any CPU
		{D21D9981-5A0E-4E35-9253-95398FB77D98}.Release|Any CPU.Build.0 = Release|Any CPU
	EndGlobalSection
	GlobalSection(SolutionProperties) = preSolution
		HideSolutionNode = FALSE
	EndGlobalSection
	GlobalSection(ExtensibilityGlobals) = postSolution
		SolutionGuid = {419CB9D0-D3A0-4C0C-BBBF-8F94A13A2F57}
	EndGlobalSection
EndGlobal
